
Microsoft Visual Studio Solution File, Format Version 12.00
# Visual Studio 14
VisualStudioVersion = 14.0.25420.1
MinimumVisualStudioVersion = 10.0.40219.1
Project("{FAE04EC0-301F-11D3-BF4B-00C04F79EFBC}") = "DotNetEmotivSDK-vs2010", "DotNetEmotivSDK\DotNetEmotivSDK-vs2010.csproj", "{23B51742-EFCA-4343-A43B-263B5A3EAB22}"
EndProject
Project("{FAE04EC0-301F-11D3-BF4B-00C04F79EFBC}") = "DotNetEmotivSDKTest-vs2010", "DotNetEmotivSDKTest\DotNetEmotivSDKTest-vs2010.csproj", "{B74FCEC8-5760-443B-AC0F-02D355861385}"
EndProject
Project("{FAE04EC0-301F-11D3-BF4B-00C04F79EFBC}") = "EEG_DotNet_Example-vs2010", "DotNet_EEG_Example\EEG_Example_1\EEG_DotNet_Example-vs2010.csproj", "{8A38FB2C-2C89-48B8-A115-D941B79E9CE7}"
EndProject
Project("{FAE04EC0-301F-11D3-BF4B-00C04F79EFBC}") = "MultiDongles-vs2010", "MultiDongles\MultiDongles-vs2010.csproj", "{F2088A09-315B-465D-B6BE-C9F5E150C7B9}"
EndProject
Project("{FAE04EC0-301F-11D3-BF4B-00C04F79EFBC}") = "meme", "meme\meme.csproj", "{C9EA2CEB-0211-41EB-A908-83D7CD810D77}"
EndProject
Global
	GlobalSection(SolutionConfigurationPlatforms) = preSolution
		Debug|Any CPU = Debug|Any CPU
		Debug|x86 = Debug|x86
		Release|Any CPU = Release|Any CPU
		Release|x86 = Release|x86
	EndGlobalSection
	GlobalSection(ProjectConfigurationPlatforms) = postSolution
		{23B51742-EFCA-4343-A43B-263B5A3EAB22}.Debug|Any CPU.ActiveCfg = Debug|x86
		{23B51742-EFCA-4343-A43B-263B5A3EAB22}.Debug|x86.ActiveCfg = Debug|x86
		{23B51742-EFCA-4343-A43B-263B5A3EAB22}.Debug|x86.Build.0 = Debug|x86
		{23B51742-EFCA-4343-A43B-263B5A3EAB22}.Release|Any CPU.ActiveCfg = Release|x86
		{23B51742-EFCA-4343-A43B-263B5A3EAB22}.Release|x86.ActiveCfg = Release|x86
		{23B51742-EFCA-4343-A43B-263B5A3EAB22}.Release|x86.Build.0 = Release|x86
		{B74FCEC8-5760-443B-AC0F-02D355861385}.Debug|Any CPU.ActiveCfg = Debug|x86
		{B74FCEC8-5760-443B-AC0F-02D355861385}.Debug|x86.ActiveCfg = Debug|x86
		{B74FCEC8-5760-443B-AC0F-02D355861385}.Debug|x86.Build.0 = Debug|x86
		{B74FCEC8-5760-443B-AC0F-02D355861385}.Release|Any CPU.ActiveCfg = Release|x86
		{B74FCEC8-5760-443B-AC0F-02D355861385}.Release|x86.ActiveCfg = Release|x86
		{B74FCEC8-5760-443B-AC0F-02D355861385}.Release|x86.Build.0 = Release|x86
		{8A38FB2C-2C89-48B8-A115-D941B79E9CE7}.Debug|Any CPU.ActiveCfg = Debug|x86
		{8A38FB2C-2C89-48B8-A115-D941B79E9CE7}.Debug|x86.ActiveCfg = Debug|x86
		{8A38FB2C-2C89-48B8-A115-D941B79E9CE7}.Debug|x86.Build.0 = Debug|x86
		{8A38FB2C-2C89-48B8-A115-D941B79E9CE7}.Release|Any CPU.ActiveCfg = Release|x86
		{8A38FB2C-2C89-48B8-A115-D941B79E9CE7}.Release|x86.ActiveCfg = Release|x86
		{8A38FB2C-2C89-48B8-A115-D941B79E9CE7}.Release|x86.Build.0 = Release|x86
		{F2088A09-315B-465D-B6BE-C9F5E150C7B9}.Debug|Any CPU.ActiveCfg = Debug|x86
		{F2088A09-315B-465D-B6BE-C9F5E150C7B9}.Debug|x86.ActiveCfg = Debug|x86
		{F2088A09-315B-465D-B6BE-C9F5E150C7B9}.Release|Any CPU.ActiveCfg = Release|x86
		{F2088A09-315B-465D-B6BE-C9F5E150C7B9}.Release|x86.ActiveCfg = Release|x86
		{F2088A09-315B-465D-B6BE-C9F5E150C7B9}.Release|x86.Build.0 = Release|x86
		{C9EA2CEB-0211-41EB-A908-83D7CD810D77}.Debug|Any CPU.ActiveCfg = Debug|Any CPU
		{C9EA2CEB-0211-41EB-A908-83D7CD810D77}.Debug|Any CPU.Build.0 = Debug|Any CPU
		{C9EA2CEB-0211-41EB-A908-83D7CD810D77}.Debug|x86.ActiveCfg = Debug|Any CPU
		{C9EA2CEB-0211-41EB-A908-83D7CD810D77}.Debug|x86.Build.0 = Debug|Any CPU
		{C9EA2CEB-0211-41EB-A908-83D7CD810D77}.Release|Any CPU.ActiveCfg = Release|Any CPU
		{C9EA2CEB-0211-41EB-A908-83D7CD810D77}.Release|Any CPU.Build.0 = Release|Any CPU
		{C9EA2CEB-0211-41EB-A908-83D7CD810D77}.Release|x86.ActiveCfg = Release|Any CPU
		{C9EA2CEB-0211-41EB-A908-83D7CD810D77}.Release|x86.Build.0 = Release|Any CPU
	EndGlobalSection
	GlobalSection(SolutionProperties) = preSolution
		HideSolutionNode = FALSE
	EndGlobalSection
EndGlobal
