
Microsoft Visual Studio Solution File, Format Version 12.00
# Visual Studio 15
VisualStudioVersion = 15.0.26228.10
MinimumVisualStudioVersion = 10.0.40219.1
Project("{FAE04EC0-301F-11D3-BF4B-00C04F79EFBC}") = "Lib", "DotNetEmotivSDK\Lib.csproj", "{23B51742-EFCA-4343-A43B-263B5A3EAB22}"
EndProject
Project("{FAE04EC0-301F-11D3-BF4B-00C04F79EFBC}") = "Client_net", "Client\Client_net.csproj", "{000C4D1C-8420-4495-9452-ECDE6B584182}"
EndProject
Project("{00D1A9C2-B5F0-4AF3-8072-F6C62B433612}") = "Database", "Database\Database.sqlproj", "{65641E68-86C5-4144-99BD-EF35E46ECAF7}"
EndProject
Project("{FAE04EC0-301F-11D3-BF4B-00C04F79EFBC}") = "api", "api\api.csproj", "{2D36632C-402F-4E7B-9EBB-0A1A784BCC3E}"
EndProject
Project("{FAE04EC0-301F-11D3-BF4B-00C04F79EFBC}") = "Sdk", "Sdk\Sdk.csproj", "{88BE0FFC-39E1-4D40-BB79-B9E84E91D29F}"
EndProject
Project("{FAE04EC0-301F-11D3-BF4B-00C04F79EFBC}") = "EmoEngineClientLibrary", "EmoEngineClientLibrary\EmoEngineClientLibrary.csproj", "{630D8A3E-6592-4648-B30E-02A38AD85F96}"
EndProject
Global
	GlobalSection(SolutionConfigurationPlatforms) = preSolution
		Ad-Hoc|Any CPU = Ad-Hoc|Any CPU
		Ad-Hoc|ARM = Ad-Hoc|ARM
		Ad-Hoc|iPhone = Ad-Hoc|iPhone
		Ad-Hoc|iPhoneSimulator = Ad-Hoc|iPhoneSimulator
		Ad-Hoc|x64 = Ad-Hoc|x64
		Ad-Hoc|x86 = Ad-Hoc|x86
		AppStore|Any CPU = AppStore|Any CPU
		AppStore|ARM = AppStore|ARM
		AppStore|iPhone = AppStore|iPhone
		AppStore|iPhoneSimulator = AppStore|iPhoneSimulator
		AppStore|x64 = AppStore|x64
		AppStore|x86 = AppStore|x86
		Debug|Any CPU = Debug|Any CPU
		Debug|ARM = Debug|ARM
		Debug|iPhone = Debug|iPhone
		Debug|iPhoneSimulator = Debug|iPhoneSimulator
		Debug|x64 = Debug|x64
		Debug|x86 = Debug|x86
		Release|Any CPU = Release|Any CPU
		Release|ARM = Release|ARM
		Release|iPhone = Release|iPhone
		Release|iPhoneSimulator = Release|iPhoneSimulator
		Release|x64 = Release|x64
		Release|x86 = Release|x86
	EndGlobalSection
	GlobalSection(ProjectConfigurationPlatforms) = postSolution
		{23B51742-EFCA-4343-A43B-263B5A3EAB22}.Ad-Hoc|Any CPU.ActiveCfg = Release|x86
		{23B51742-EFCA-4343-A43B-263B5A3EAB22}.Ad-Hoc|Any CPU.Build.0 = Release|x86
		{23B51742-EFCA-4343-A43B-263B5A3EAB22}.Ad-Hoc|ARM.ActiveCfg = Release|x86
		{23B51742-EFCA-4343-A43B-263B5A3EAB22}.Ad-Hoc|ARM.Build.0 = Release|x86
		{23B51742-EFCA-4343-A43B-263B5A3EAB22}.Ad-Hoc|iPhone.ActiveCfg = Release|x86
		{23B51742-EFCA-4343-A43B-263B5A3EAB22}.Ad-Hoc|iPhone.Build.0 = Release|x86
		{23B51742-EFCA-4343-A43B-263B5A3EAB22}.Ad-Hoc|iPhoneSimulator.ActiveCfg = Release|x86
		{23B51742-EFCA-4343-A43B-263B5A3EAB22}.Ad-Hoc|iPhoneSimulator.Build.0 = Release|x86
		{23B51742-EFCA-4343-A43B-263B5A3EAB22}.Ad-Hoc|x64.ActiveCfg = Release|x86
		{23B51742-EFCA-4343-A43B-263B5A3EAB22}.Ad-Hoc|x64.Build.0 = Release|x86
		{23B51742-EFCA-4343-A43B-263B5A3EAB22}.Ad-Hoc|x86.ActiveCfg = Release|x86
		{23B51742-EFCA-4343-A43B-263B5A3EAB22}.Ad-Hoc|x86.Build.0 = Release|x86
		{23B51742-EFCA-4343-A43B-263B5A3EAB22}.AppStore|Any CPU.ActiveCfg = Release|x86
		{23B51742-EFCA-4343-A43B-263B5A3EAB22}.AppStore|Any CPU.Build.0 = Release|x86
		{23B51742-EFCA-4343-A43B-263B5A3EAB22}.AppStore|ARM.ActiveCfg = Release|x86
		{23B51742-EFCA-4343-A43B-263B5A3EAB22}.AppStore|ARM.Build.0 = Release|x86
		{23B51742-EFCA-4343-A43B-263B5A3EAB22}.AppStore|iPhone.ActiveCfg = Release|x86
		{23B51742-EFCA-4343-A43B-263B5A3EAB22}.AppStore|iPhone.Build.0 = Release|x86
		{23B51742-EFCA-4343-A43B-263B5A3EAB22}.AppStore|iPhoneSimulator.ActiveCfg = Release|x86
		{23B51742-EFCA-4343-A43B-263B5A3EAB22}.AppStore|iPhoneSimulator.Build.0 = Release|x86
		{23B51742-EFCA-4343-A43B-263B5A3EAB22}.AppStore|x64.ActiveCfg = Release|x86
		{23B51742-EFCA-4343-A43B-263B5A3EAB22}.AppStore|x64.Build.0 = Release|x86
		{23B51742-EFCA-4343-A43B-263B5A3EAB22}.AppStore|x86.ActiveCfg = Release|x86
		{23B51742-EFCA-4343-A43B-263B5A3EAB22}.AppStore|x86.Build.0 = Release|x86
		{23B51742-EFCA-4343-A43B-263B5A3EAB22}.Debug|Any CPU.ActiveCfg = Debug|x86
		{23B51742-EFCA-4343-A43B-263B5A3EAB22}.Debug|ARM.ActiveCfg = Debug|x86
		{23B51742-EFCA-4343-A43B-263B5A3EAB22}.Debug|iPhone.ActiveCfg = Debug|x86
		{23B51742-EFCA-4343-A43B-263B5A3EAB22}.Debug|iPhoneSimulator.ActiveCfg = Debug|x86
		{23B51742-EFCA-4343-A43B-263B5A3EAB22}.Debug|x64.ActiveCfg = Debug|x86
		{23B51742-EFCA-4343-A43B-263B5A3EAB22}.Debug|x86.ActiveCfg = Debug|x86
		{23B51742-EFCA-4343-A43B-263B5A3EAB22}.Debug|x86.Build.0 = Debug|x86
		{23B51742-EFCA-4343-A43B-263B5A3EAB22}.Release|Any CPU.ActiveCfg = Release|x86
		{23B51742-EFCA-4343-A43B-263B5A3EAB22}.Release|ARM.ActiveCfg = Release|x86
		{23B51742-EFCA-4343-A43B-263B5A3EAB22}.Release|iPhone.ActiveCfg = Release|x86
		{23B51742-EFCA-4343-A43B-263B5A3EAB22}.Release|iPhoneSimulator.ActiveCfg = Release|x86
		{23B51742-EFCA-4343-A43B-263B5A3EAB22}.Release|x64.ActiveCfg = Release|x86
		{23B51742-EFCA-4343-A43B-263B5A3EAB22}.Release|x86.ActiveCfg = Release|x86
		{23B51742-EFCA-4343-A43B-263B5A3EAB22}.Release|x86.Build.0 = Release|x86
		{000C4D1C-8420-4495-9452-ECDE6B584182}.Ad-Hoc|Any CPU.ActiveCfg = Release|Any CPU
		{000C4D1C-8420-4495-9452-ECDE6B584182}.Ad-Hoc|Any CPU.Build.0 = Release|Any CPU
		{000C4D1C-8420-4495-9452-ECDE6B584182}.Ad-Hoc|ARM.ActiveCfg = Release|Any CPU
		{000C4D1C-8420-4495-9452-ECDE6B584182}.Ad-Hoc|ARM.Build.0 = Release|Any CPU
		{000C4D1C-8420-4495-9452-ECDE6B584182}.Ad-Hoc|iPhone.ActiveCfg = Release|Any CPU
		{000C4D1C-8420-4495-9452-ECDE6B584182}.Ad-Hoc|iPhone.Build.0 = Release|Any CPU
		{000C4D1C-8420-4495-9452-ECDE6B584182}.Ad-Hoc|iPhoneSimulator.ActiveCfg = Release|Any CPU
		{000C4D1C-8420-4495-9452-ECDE6B584182}.Ad-Hoc|iPhoneSimulator.Build.0 = Release|Any CPU
		{000C4D1C-8420-4495-9452-ECDE6B584182}.Ad-Hoc|x64.ActiveCfg = Release|Any CPU
		{000C4D1C-8420-4495-9452-ECDE6B584182}.Ad-Hoc|x64.Build.0 = Release|Any CPU
		{000C4D1C-8420-4495-9452-ECDE6B584182}.Ad-Hoc|x86.ActiveCfg = Release|Any CPU
		{000C4D1C-8420-4495-9452-ECDE6B584182}.Ad-Hoc|x86.Build.0 = Release|Any CPU
		{000C4D1C-8420-4495-9452-ECDE6B584182}.AppStore|Any CPU.ActiveCfg = Release|Any CPU
		{000C4D1C-8420-4495-9452-ECDE6B584182}.AppStore|Any CPU.Build.0 = Release|Any CPU
		{000C4D1C-8420-4495-9452-ECDE6B584182}.AppStore|ARM.ActiveCfg = Release|Any CPU
		{000C4D1C-8420-4495-9452-ECDE6B584182}.AppStore|ARM.Build.0 = Release|Any CPU
		{000C4D1C-8420-4495-9452-ECDE6B584182}.AppStore|iPhone.ActiveCfg = Release|Any CPU
		{000C4D1C-8420-4495-9452-ECDE6B584182}.AppStore|iPhone.Build.0 = Release|Any CPU
		{000C4D1C-8420-4495-9452-ECDE6B584182}.AppStore|iPhoneSimulator.ActiveCfg = Release|Any CPU
		{000C4D1C-8420-4495-9452-ECDE6B584182}.AppStore|iPhoneSimulator.Build.0 = Release|Any CPU
		{000C4D1C-8420-4495-9452-ECDE6B584182}.AppStore|x64.ActiveCfg = Release|Any CPU
		{000C4D1C-8420-4495-9452-ECDE6B584182}.AppStore|x64.Build.0 = Release|Any CPU
		{000C4D1C-8420-4495-9452-ECDE6B584182}.AppStore|x86.ActiveCfg = Release|Any CPU
		{000C4D1C-8420-4495-9452-ECDE6B584182}.AppStore|x86.Build.0 = Release|Any CPU
		{000C4D1C-8420-4495-9452-ECDE6B584182}.Debug|Any CPU.ActiveCfg = Debug|Any CPU
		{000C4D1C-8420-4495-9452-ECDE6B584182}.Debug|Any CPU.Build.0 = Debug|Any CPU
		{000C4D1C-8420-4495-9452-ECDE6B584182}.Debug|ARM.ActiveCfg = Debug|Any CPU
		{000C4D1C-8420-4495-9452-ECDE6B584182}.Debug|ARM.Build.0 = Debug|Any CPU
		{000C4D1C-8420-4495-9452-ECDE6B584182}.Debug|iPhone.ActiveCfg = Debug|Any CPU
		{000C4D1C-8420-4495-9452-ECDE6B584182}.Debug|iPhone.Build.0 = Debug|Any CPU
		{000C4D1C-8420-4495-9452-ECDE6B584182}.Debug|iPhoneSimulator.ActiveCfg = Debug|Any CPU
		{000C4D1C-8420-4495-9452-ECDE6B584182}.Debug|iPhoneSimulator.Build.0 = Debug|Any CPU
		{000C4D1C-8420-4495-9452-ECDE6B584182}.Debug|x64.ActiveCfg = Debug|Any CPU
		{000C4D1C-8420-4495-9452-ECDE6B584182}.Debug|x64.Build.0 = Debug|Any CPU
		{000C4D1C-8420-4495-9452-ECDE6B584182}.Debug|x86.ActiveCfg = Debug|Any CPU
		{000C4D1C-8420-4495-9452-ECDE6B584182}.Debug|x86.Build.0 = Debug|Any CPU
		{000C4D1C-8420-4495-9452-ECDE6B584182}.Release|Any CPU.ActiveCfg = Release|Any CPU
		{000C4D1C-8420-4495-9452-ECDE6B584182}.Release|Any CPU.Build.0 = Release|Any CPU
		{000C4D1C-8420-4495-9452-ECDE6B584182}.Release|ARM.ActiveCfg = Release|Any CPU
		{000C4D1C-8420-4495-9452-ECDE6B584182}.Release|ARM.Build.0 = Release|Any CPU
		{000C4D1C-8420-4495-9452-ECDE6B584182}.Release|iPhone.ActiveCfg = Release|Any CPU
		{000C4D1C-8420-4495-9452-ECDE6B584182}.Release|iPhone.Build.0 = Release|Any CPU
		{000C4D1C-8420-4495-9452-ECDE6B584182}.Release|iPhoneSimulator.ActiveCfg = Release|Any CPU
		{000C4D1C-8420-4495-9452-ECDE6B584182}.Release|iPhoneSimulator.Build.0 = Release|Any CPU
		{000C4D1C-8420-4495-9452-ECDE6B584182}.Release|x64.ActiveCfg = Release|Any CPU
		{000C4D1C-8420-4495-9452-ECDE6B584182}.Release|x64.Build.0 = Release|Any CPU
		{000C4D1C-8420-4495-9452-ECDE6B584182}.Release|x86.ActiveCfg = Release|Any CPU
		{000C4D1C-8420-4495-9452-ECDE6B584182}.Release|x86.Build.0 = Release|Any CPU
		{65641E68-86C5-4144-99BD-EF35E46ECAF7}.Ad-Hoc|Any CPU.ActiveCfg = Debug|Any CPU
		{65641E68-86C5-4144-99BD-EF35E46ECAF7}.Ad-Hoc|Any CPU.Build.0 = Debug|Any CPU
		{65641E68-86C5-4144-99BD-EF35E46ECAF7}.Ad-Hoc|Any CPU.Deploy.0 = Debug|Any CPU
		{65641E68-86C5-4144-99BD-EF35E46ECAF7}.Ad-Hoc|ARM.ActiveCfg = Debug|Any CPU
		{65641E68-86C5-4144-99BD-EF35E46ECAF7}.Ad-Hoc|ARM.Build.0 = Debug|Any CPU
		{65641E68-86C5-4144-99BD-EF35E46ECAF7}.Ad-Hoc|ARM.Deploy.0 = Debug|Any CPU
		{65641E68-86C5-4144-99BD-EF35E46ECAF7}.Ad-Hoc|iPhone.ActiveCfg = Debug|Any CPU
		{65641E68-86C5-4144-99BD-EF35E46ECAF7}.Ad-Hoc|iPhone.Build.0 = Debug|Any CPU
		{65641E68-86C5-4144-99BD-EF35E46ECAF7}.Ad-Hoc|iPhone.Deploy.0 = Debug|Any CPU
		{65641E68-86C5-4144-99BD-EF35E46ECAF7}.Ad-Hoc|iPhoneSimulator.ActiveCfg = Debug|Any CPU
		{65641E68-86C5-4144-99BD-EF35E46ECAF7}.Ad-Hoc|iPhoneSimulator.Build.0 = Debug|Any CPU
		{65641E68-86C5-4144-99BD-EF35E46ECAF7}.Ad-Hoc|iPhoneSimulator.Deploy.0 = Debug|Any CPU
		{65641E68-86C5-4144-99BD-EF35E46ECAF7}.Ad-Hoc|x64.ActiveCfg = Debug|Any CPU
		{65641E68-86C5-4144-99BD-EF35E46ECAF7}.Ad-Hoc|x64.Build.0 = Debug|Any CPU
		{65641E68-86C5-4144-99BD-EF35E46ECAF7}.Ad-Hoc|x64.Deploy.0 = Debug|Any CPU
		{65641E68-86C5-4144-99BD-EF35E46ECAF7}.Ad-Hoc|x86.ActiveCfg = Debug|Any CPU
		{65641E68-86C5-4144-99BD-EF35E46ECAF7}.Ad-Hoc|x86.Build.0 = Debug|Any CPU
		{65641E68-86C5-4144-99BD-EF35E46ECAF7}.Ad-Hoc|x86.Deploy.0 = Debug|Any CPU
		{65641E68-86C5-4144-99BD-EF35E46ECAF7}.AppStore|Any CPU.ActiveCfg = Debug|Any CPU
		{65641E68-86C5-4144-99BD-EF35E46ECAF7}.AppStore|Any CPU.Build.0 = Debug|Any CPU
		{65641E68-86C5-4144-99BD-EF35E46ECAF7}.AppStore|Any CPU.Deploy.0 = Debug|Any CPU
		{65641E68-86C5-4144-99BD-EF35E46ECAF7}.AppStore|ARM.ActiveCfg = Debug|Any CPU
		{65641E68-86C5-4144-99BD-EF35E46ECAF7}.AppStore|ARM.Build.0 = Debug|Any CPU
		{65641E68-86C5-4144-99BD-EF35E46ECAF7}.AppStore|ARM.Deploy.0 = Debug|Any CPU
		{65641E68-86C5-4144-99BD-EF35E46ECAF7}.AppStore|iPhone.ActiveCfg = Debug|Any CPU
		{65641E68-86C5-4144-99BD-EF35E46ECAF7}.AppStore|iPhone.Build.0 = Debug|Any CPU
		{65641E68-86C5-4144-99BD-EF35E46ECAF7}.AppStore|iPhone.Deploy.0 = Debug|Any CPU
		{65641E68-86C5-4144-99BD-EF35E46ECAF7}.AppStore|iPhoneSimulator.ActiveCfg = Debug|Any CPU
		{65641E68-86C5-4144-99BD-EF35E46ECAF7}.AppStore|iPhoneSimulator.Build.0 = Debug|Any CPU
		{65641E68-86C5-4144-99BD-EF35E46ECAF7}.AppStore|iPhoneSimulator.Deploy.0 = Debug|Any CPU
		{65641E68-86C5-4144-99BD-EF35E46ECAF7}.AppStore|x64.ActiveCfg = Debug|Any CPU
		{65641E68-86C5-4144-99BD-EF35E46ECAF7}.AppStore|x64.Build.0 = Debug|Any CPU
		{65641E68-86C5-4144-99BD-EF35E46ECAF7}.AppStore|x64.Deploy.0 = Debug|Any CPU
		{65641E68-86C5-4144-99BD-EF35E46ECAF7}.AppStore|x86.ActiveCfg = Debug|Any CPU
		{65641E68-86C5-4144-99BD-EF35E46ECAF7}.AppStore|x86.Build.0 = Debug|Any CPU
		{65641E68-86C5-4144-99BD-EF35E46ECAF7}.AppStore|x86.Deploy.0 = Debug|Any CPU
		{65641E68-86C5-4144-99BD-EF35E46ECAF7}.Debug|Any CPU.ActiveCfg = Debug|Any CPU
		{65641E68-86C5-4144-99BD-EF35E46ECAF7}.Debug|Any CPU.Build.0 = Debug|Any CPU
		{65641E68-86C5-4144-99BD-EF35E46ECAF7}.Debug|Any CPU.Deploy.0 = Debug|Any CPU
		{65641E68-86C5-4144-99BD-EF35E46ECAF7}.Debug|ARM.ActiveCfg = Debug|Any CPU
		{65641E68-86C5-4144-99BD-EF35E46ECAF7}.Debug|ARM.Build.0 = Debug|Any CPU
		{65641E68-86C5-4144-99BD-EF35E46ECAF7}.Debug|ARM.Deploy.0 = Debug|Any CPU
		{65641E68-86C5-4144-99BD-EF35E46ECAF7}.Debug|iPhone.ActiveCfg = Debug|Any CPU
		{65641E68-86C5-4144-99BD-EF35E46ECAF7}.Debug|iPhone.Build.0 = Debug|Any CPU
		{65641E68-86C5-4144-99BD-EF35E46ECAF7}.Debug|iPhone.Deploy.0 = Debug|Any CPU
		{65641E68-86C5-4144-99BD-EF35E46ECAF7}.Debug|iPhoneSimulator.ActiveCfg = Debug|Any CPU
		{65641E68-86C5-4144-99BD-EF35E46ECAF7}.Debug|iPhoneSimulator.Build.0 = Debug|Any CPU
		{65641E68-86C5-4144-99BD-EF35E46ECAF7}.Debug|iPhoneSimulator.Deploy.0 = Debug|Any CPU
		{65641E68-86C5-4144-99BD-EF35E46ECAF7}.Debug|x64.ActiveCfg = Debug|Any CPU
		{65641E68-86C5-4144-99BD-EF35E46ECAF7}.Debug|x64.Build.0 = Debug|Any CPU
		{65641E68-86C5-4144-99BD-EF35E46ECAF7}.Debug|x64.Deploy.0 = Debug|Any CPU
		{65641E68-86C5-4144-99BD-EF35E46ECAF7}.Debug|x86.ActiveCfg = Debug|Any CPU
		{65641E68-86C5-4144-99BD-EF35E46ECAF7}.Debug|x86.Build.0 = Debug|Any CPU
		{65641E68-86C5-4144-99BD-EF35E46ECAF7}.Debug|x86.Deploy.0 = Debug|Any CPU
		{65641E68-86C5-4144-99BD-EF35E46ECAF7}.Release|Any CPU.ActiveCfg = Release|Any CPU
		{65641E68-86C5-4144-99BD-EF35E46ECAF7}.Release|Any CPU.Build.0 = Release|Any CPU
		{65641E68-86C5-4144-99BD-EF35E46ECAF7}.Release|Any CPU.Deploy.0 = Release|Any CPU
		{65641E68-86C5-4144-99BD-EF35E46ECAF7}.Release|ARM.ActiveCfg = Release|Any CPU
		{65641E68-86C5-4144-99BD-EF35E46ECAF7}.Release|ARM.Build.0 = Release|Any CPU
		{65641E68-86C5-4144-99BD-EF35E46ECAF7}.Release|ARM.Deploy.0 = Release|Any CPU
		{65641E68-86C5-4144-99BD-EF35E46ECAF7}.Release|iPhone.ActiveCfg = Release|Any CPU
		{65641E68-86C5-4144-99BD-EF35E46ECAF7}.Release|iPhone.Build.0 = Release|Any CPU
		{65641E68-86C5-4144-99BD-EF35E46ECAF7}.Release|iPhone.Deploy.0 = Release|Any CPU
		{65641E68-86C5-4144-99BD-EF35E46ECAF7}.Release|iPhoneSimulator.ActiveCfg = Release|Any CPU
		{65641E68-86C5-4144-99BD-EF35E46ECAF7}.Release|iPhoneSimulator.Build.0 = Release|Any CPU
		{65641E68-86C5-4144-99BD-EF35E46ECAF7}.Release|iPhoneSimulator.Deploy.0 = Release|Any CPU
		{65641E68-86C5-4144-99BD-EF35E46ECAF7}.Release|x64.ActiveCfg = Release|Any CPU
		{65641E68-86C5-4144-99BD-EF35E46ECAF7}.Release|x64.Build.0 = Release|Any CPU
		{65641E68-86C5-4144-99BD-EF35E46ECAF7}.Release|x64.Deploy.0 = Release|Any CPU
		{65641E68-86C5-4144-99BD-EF35E46ECAF7}.Release|x86.ActiveCfg = Release|Any CPU
		{65641E68-86C5-4144-99BD-EF35E46ECAF7}.Release|x86.Build.0 = Release|Any CPU
		{65641E68-86C5-4144-99BD-EF35E46ECAF7}.Release|x86.Deploy.0 = Release|Any CPU
		{2D36632C-402F-4E7B-9EBB-0A1A784BCC3E}.Ad-Hoc|Any CPU.ActiveCfg = Release|Any CPU
		{2D36632C-402F-4E7B-9EBB-0A1A784BCC3E}.Ad-Hoc|Any CPU.Build.0 = Release|Any CPU
		{2D36632C-402F-4E7B-9EBB-0A1A784BCC3E}.Ad-Hoc|ARM.ActiveCfg = Release|Any CPU
		{2D36632C-402F-4E7B-9EBB-0A1A784BCC3E}.Ad-Hoc|ARM.Build.0 = Release|Any CPU
		{2D36632C-402F-4E7B-9EBB-0A1A784BCC3E}.Ad-Hoc|iPhone.ActiveCfg = Release|Any CPU
		{2D36632C-402F-4E7B-9EBB-0A1A784BCC3E}.Ad-Hoc|iPhone.Build.0 = Release|Any CPU
		{2D36632C-402F-4E7B-9EBB-0A1A784BCC3E}.Ad-Hoc|iPhoneSimulator.ActiveCfg = Release|Any CPU
		{2D36632C-402F-4E7B-9EBB-0A1A784BCC3E}.Ad-Hoc|iPhoneSimulator.Build.0 = Release|Any CPU
		{2D36632C-402F-4E7B-9EBB-0A1A784BCC3E}.Ad-Hoc|x64.ActiveCfg = Release|Any CPU
		{2D36632C-402F-4E7B-9EBB-0A1A784BCC3E}.Ad-Hoc|x64.Build.0 = Release|Any CPU
		{2D36632C-402F-4E7B-9EBB-0A1A784BCC3E}.Ad-Hoc|x86.ActiveCfg = Release|Any CPU
		{2D36632C-402F-4E7B-9EBB-0A1A784BCC3E}.Ad-Hoc|x86.Build.0 = Release|Any CPU
		{2D36632C-402F-4E7B-9EBB-0A1A784BCC3E}.AppStore|Any CPU.ActiveCfg = Release|Any CPU
		{2D36632C-402F-4E7B-9EBB-0A1A784BCC3E}.AppStore|Any CPU.Build.0 = Release|Any CPU
		{2D36632C-402F-4E7B-9EBB-0A1A784BCC3E}.AppStore|ARM.ActiveCfg = Release|Any CPU
		{2D36632C-402F-4E7B-9EBB-0A1A784BCC3E}.AppStore|ARM.Build.0 = Release|Any CPU
		{2D36632C-402F-4E7B-9EBB-0A1A784BCC3E}.AppStore|iPhone.ActiveCfg = Release|Any CPU
		{2D36632C-402F-4E7B-9EBB-0A1A784BCC3E}.AppStore|iPhone.Build.0 = Release|Any CPU
		{2D36632C-402F-4E7B-9EBB-0A1A784BCC3E}.AppStore|iPhoneSimulator.ActiveCfg = Release|Any CPU
		{2D36632C-402F-4E7B-9EBB-0A1A784BCC3E}.AppStore|iPhoneSimulator.Build.0 = Release|Any CPU
		{2D36632C-402F-4E7B-9EBB-0A1A784BCC3E}.AppStore|x64.ActiveCfg = Release|Any CPU
		{2D36632C-402F-4E7B-9EBB-0A1A784BCC3E}.AppStore|x64.Build.0 = Release|Any CPU
		{2D36632C-402F-4E7B-9EBB-0A1A784BCC3E}.AppStore|x86.ActiveCfg = Release|Any CPU
		{2D36632C-402F-4E7B-9EBB-0A1A784BCC3E}.AppStore|x86.Build.0 = Release|Any CPU
		{2D36632C-402F-4E7B-9EBB-0A1A784BCC3E}.Debug|Any CPU.ActiveCfg = Debug|Any CPU
		{2D36632C-402F-4E7B-9EBB-0A1A784BCC3E}.Debug|Any CPU.Build.0 = Debug|Any CPU
		{2D36632C-402F-4E7B-9EBB-0A1A784BCC3E}.Debug|ARM.ActiveCfg = Debug|Any CPU
		{2D36632C-402F-4E7B-9EBB-0A1A784BCC3E}.Debug|ARM.Build.0 = Debug|Any CPU
		{2D36632C-402F-4E7B-9EBB-0A1A784BCC3E}.Debug|iPhone.ActiveCfg = Debug|Any CPU
		{2D36632C-402F-4E7B-9EBB-0A1A784BCC3E}.Debug|iPhone.Build.0 = Debug|Any CPU
		{2D36632C-402F-4E7B-9EBB-0A1A784BCC3E}.Debug|iPhoneSimulator.ActiveCfg = Debug|Any CPU
		{2D36632C-402F-4E7B-9EBB-0A1A784BCC3E}.Debug|iPhoneSimulator.Build.0 = Debug|Any CPU
		{2D36632C-402F-4E7B-9EBB-0A1A784BCC3E}.Debug|x64.ActiveCfg = Debug|Any CPU
		{2D36632C-402F-4E7B-9EBB-0A1A784BCC3E}.Debug|x64.Build.0 = Debug|Any CPU
		{2D36632C-402F-4E7B-9EBB-0A1A784BCC3E}.Debug|x86.ActiveCfg = Debug|Any CPU
		{2D36632C-402F-4E7B-9EBB-0A1A784BCC3E}.Debug|x86.Build.0 = Debug|Any CPU
		{2D36632C-402F-4E7B-9EBB-0A1A784BCC3E}.Release|Any CPU.ActiveCfg = Release|Any CPU
		{2D36632C-402F-4E7B-9EBB-0A1A784BCC3E}.Release|Any CPU.Build.0 = Release|Any CPU
		{2D36632C-402F-4E7B-9EBB-0A1A784BCC3E}.Release|ARM.ActiveCfg = Release|Any CPU
		{2D36632C-402F-4E7B-9EBB-0A1A784BCC3E}.Release|ARM.Build.0 = Release|Any CPU
		{2D36632C-402F-4E7B-9EBB-0A1A784BCC3E}.Release|iPhone.ActiveCfg = Release|Any CPU
		{2D36632C-402F-4E7B-9EBB-0A1A784BCC3E}.Release|iPhone.Build.0 = Release|Any CPU
		{2D36632C-402F-4E7B-9EBB-0A1A784BCC3E}.Release|iPhoneSimulator.ActiveCfg = Release|Any CPU
		{2D36632C-402F-4E7B-9EBB-0A1A784BCC3E}.Release|iPhoneSimulator.Build.0 = Release|Any CPU
		{2D36632C-402F-4E7B-9EBB-0A1A784BCC3E}.Release|x64.ActiveCfg = Release|Any CPU
		{2D36632C-402F-4E7B-9EBB-0A1A784BCC3E}.Release|x64.Build.0 = Release|Any CPU
		{2D36632C-402F-4E7B-9EBB-0A1A784BCC3E}.Release|x86.ActiveCfg = Release|Any CPU
		{2D36632C-402F-4E7B-9EBB-0A1A784BCC3E}.Release|x86.Build.0 = Release|Any CPU
		{88BE0FFC-39E1-4D40-BB79-B9E84E91D29F}.Ad-Hoc|Any CPU.ActiveCfg = Release|Any CPU
		{88BE0FFC-39E1-4D40-BB79-B9E84E91D29F}.Ad-Hoc|Any CPU.Build.0 = Release|Any CPU
		{88BE0FFC-39E1-4D40-BB79-B9E84E91D29F}.Ad-Hoc|ARM.ActiveCfg = Release|Any CPU
		{88BE0FFC-39E1-4D40-BB79-B9E84E91D29F}.Ad-Hoc|ARM.Build.0 = Release|Any CPU
		{88BE0FFC-39E1-4D40-BB79-B9E84E91D29F}.Ad-Hoc|iPhone.ActiveCfg = Release|Any CPU
		{88BE0FFC-39E1-4D40-BB79-B9E84E91D29F}.Ad-Hoc|iPhone.Build.0 = Release|Any CPU
		{88BE0FFC-39E1-4D40-BB79-B9E84E91D29F}.Ad-Hoc|iPhoneSimulator.ActiveCfg = Release|Any CPU
		{88BE0FFC-39E1-4D40-BB79-B9E84E91D29F}.Ad-Hoc|iPhoneSimulator.Build.0 = Release|Any CPU
		{88BE0FFC-39E1-4D40-BB79-B9E84E91D29F}.Ad-Hoc|x64.ActiveCfg = Release|Any CPU
		{88BE0FFC-39E1-4D40-BB79-B9E84E91D29F}.Ad-Hoc|x64.Build.0 = Release|Any CPU
		{88BE0FFC-39E1-4D40-BB79-B9E84E91D29F}.Ad-Hoc|x86.ActiveCfg = Release|Any CPU
		{88BE0FFC-39E1-4D40-BB79-B9E84E91D29F}.Ad-Hoc|x86.Build.0 = Release|Any CPU
		{88BE0FFC-39E1-4D40-BB79-B9E84E91D29F}.AppStore|Any CPU.ActiveCfg = Release|Any CPU
		{88BE0FFC-39E1-4D40-BB79-B9E84E91D29F}.AppStore|Any CPU.Build.0 = Release|Any CPU
		{88BE0FFC-39E1-4D40-BB79-B9E84E91D29F}.AppStore|ARM.ActiveCfg = Release|Any CPU
		{88BE0FFC-39E1-4D40-BB79-B9E84E91D29F}.AppStore|ARM.Build.0 = Release|Any CPU
		{88BE0FFC-39E1-4D40-BB79-B9E84E91D29F}.AppStore|iPhone.ActiveCfg = Release|Any CPU
		{88BE0FFC-39E1-4D40-BB79-B9E84E91D29F}.AppStore|iPhone.Build.0 = Release|Any CPU
		{88BE0FFC-39E1-4D40-BB79-B9E84E91D29F}.AppStore|iPhoneSimulator.ActiveCfg = Release|Any CPU
		{88BE0FFC-39E1-4D40-BB79-B9E84E91D29F}.AppStore|iPhoneSimulator.Build.0 = Release|Any CPU
		{88BE0FFC-39E1-4D40-BB79-B9E84E91D29F}.AppStore|x64.ActiveCfg = Release|Any CPU
		{88BE0FFC-39E1-4D40-BB79-B9E84E91D29F}.AppStore|x64.Build.0 = Release|Any CPU
		{88BE0FFC-39E1-4D40-BB79-B9E84E91D29F}.AppStore|x86.ActiveCfg = Release|Any CPU
		{88BE0FFC-39E1-4D40-BB79-B9E84E91D29F}.AppStore|x86.Build.0 = Release|Any CPU
		{88BE0FFC-39E1-4D40-BB79-B9E84E91D29F}.Debug|Any CPU.ActiveCfg = Debug|Any CPU
		{88BE0FFC-39E1-4D40-BB79-B9E84E91D29F}.Debug|Any CPU.Build.0 = Debug|Any CPU
		{88BE0FFC-39E1-4D40-BB79-B9E84E91D29F}.Debug|ARM.ActiveCfg = Debug|Any CPU
		{88BE0FFC-39E1-4D40-BB79-B9E84E91D29F}.Debug|ARM.Build.0 = Debug|Any CPU
		{88BE0FFC-39E1-4D40-BB79-B9E84E91D29F}.Debug|iPhone.ActiveCfg = Debug|Any CPU
		{88BE0FFC-39E1-4D40-BB79-B9E84E91D29F}.Debug|iPhone.Build.0 = Debug|Any CPU
		{88BE0FFC-39E1-4D40-BB79-B9E84E91D29F}.Debug|iPhoneSimulator.ActiveCfg = Debug|Any CPU
		{88BE0FFC-39E1-4D40-BB79-B9E84E91D29F}.Debug|iPhoneSimulator.Build.0 = Debug|Any CPU
		{88BE0FFC-39E1-4D40-BB79-B9E84E91D29F}.Debug|x64.ActiveCfg = Debug|Any CPU
		{88BE0FFC-39E1-4D40-BB79-B9E84E91D29F}.Debug|x64.Build.0 = Debug|Any CPU
		{88BE0FFC-39E1-4D40-BB79-B9E84E91D29F}.Debug|x86.ActiveCfg = Debug|Any CPU
		{88BE0FFC-39E1-4D40-BB79-B9E84E91D29F}.Debug|x86.Build.0 = Debug|Any CPU
		{88BE0FFC-39E1-4D40-BB79-B9E84E91D29F}.Release|Any CPU.ActiveCfg = Release|Any CPU
		{88BE0FFC-39E1-4D40-BB79-B9E84E91D29F}.Release|Any CPU.Build.0 = Release|Any CPU
		{88BE0FFC-39E1-4D40-BB79-B9E84E91D29F}.Release|ARM.ActiveCfg = Release|Any CPU
		{88BE0FFC-39E1-4D40-BB79-B9E84E91D29F}.Release|ARM.Build.0 = Release|Any CPU
		{88BE0FFC-39E1-4D40-BB79-B9E84E91D29F}.Release|iPhone.ActiveCfg = Release|Any CPU
		{88BE0FFC-39E1-4D40-BB79-B9E84E91D29F}.Release|iPhone.Build.0 = Release|Any CPU
		{88BE0FFC-39E1-4D40-BB79-B9E84E91D29F}.Release|iPhoneSimulator.ActiveCfg = Release|Any CPU
		{88BE0FFC-39E1-4D40-BB79-B9E84E91D29F}.Release|iPhoneSimulator.Build.0 = Release|Any CPU
		{88BE0FFC-39E1-4D40-BB79-B9E84E91D29F}.Release|x64.ActiveCfg = Release|Any CPU
		{88BE0FFC-39E1-4D40-BB79-B9E84E91D29F}.Release|x64.Build.0 = Release|Any CPU
		{88BE0FFC-39E1-4D40-BB79-B9E84E91D29F}.Release|x86.ActiveCfg = Release|Any CPU
		{88BE0FFC-39E1-4D40-BB79-B9E84E91D29F}.Release|x86.Build.0 = Release|Any CPU
		{630D8A3E-6592-4648-B30E-02A38AD85F96}.Ad-Hoc|Any CPU.ActiveCfg = Release|Any CPU
		{630D8A3E-6592-4648-B30E-02A38AD85F96}.Ad-Hoc|Any CPU.Build.0 = Release|Any CPU
		{630D8A3E-6592-4648-B30E-02A38AD85F96}.Ad-Hoc|ARM.ActiveCfg = Release|Any CPU
		{630D8A3E-6592-4648-B30E-02A38AD85F96}.Ad-Hoc|ARM.Build.0 = Release|Any CPU
		{630D8A3E-6592-4648-B30E-02A38AD85F96}.Ad-Hoc|iPhone.ActiveCfg = Release|Any CPU
		{630D8A3E-6592-4648-B30E-02A38AD85F96}.Ad-Hoc|iPhone.Build.0 = Release|Any CPU
		{630D8A3E-6592-4648-B30E-02A38AD85F96}.Ad-Hoc|iPhoneSimulator.ActiveCfg = Release|Any CPU
		{630D8A3E-6592-4648-B30E-02A38AD85F96}.Ad-Hoc|iPhoneSimulator.Build.0 = Release|Any CPU
		{630D8A3E-6592-4648-B30E-02A38AD85F96}.Ad-Hoc|x64.ActiveCfg = Release|Any CPU
		{630D8A3E-6592-4648-B30E-02A38AD85F96}.Ad-Hoc|x64.Build.0 = Release|Any CPU
		{630D8A3E-6592-4648-B30E-02A38AD85F96}.Ad-Hoc|x86.ActiveCfg = Release|x86
		{630D8A3E-6592-4648-B30E-02A38AD85F96}.Ad-Hoc|x86.Build.0 = Release|x86
		{630D8A3E-6592-4648-B30E-02A38AD85F96}.AppStore|Any CPU.ActiveCfg = Release|Any CPU
		{630D8A3E-6592-4648-B30E-02A38AD85F96}.AppStore|Any CPU.Build.0 = Release|Any CPU
		{630D8A3E-6592-4648-B30E-02A38AD85F96}.AppStore|ARM.ActiveCfg = Release|Any CPU
		{630D8A3E-6592-4648-B30E-02A38AD85F96}.AppStore|ARM.Build.0 = Release|Any CPU
		{630D8A3E-6592-4648-B30E-02A38AD85F96}.AppStore|iPhone.ActiveCfg = Release|Any CPU
		{630D8A3E-6592-4648-B30E-02A38AD85F96}.AppStore|iPhone.Build.0 = Release|Any CPU
		{630D8A3E-6592-4648-B30E-02A38AD85F96}.AppStore|iPhoneSimulator.ActiveCfg = Release|Any CPU
		{630D8A3E-6592-4648-B30E-02A38AD85F96}.AppStore|iPhoneSimulator.Build.0 = Release|Any CPU
		{630D8A3E-6592-4648-B30E-02A38AD85F96}.AppStore|x64.ActiveCfg = Release|Any CPU
		{630D8A3E-6592-4648-B30E-02A38AD85F96}.AppStore|x64.Build.0 = Release|Any CPU
		{630D8A3E-6592-4648-B30E-02A38AD85F96}.AppStore|x86.ActiveCfg = Release|x86
		{630D8A3E-6592-4648-B30E-02A38AD85F96}.AppStore|x86.Build.0 = Release|x86
		{630D8A3E-6592-4648-B30E-02A38AD85F96}.Debug|Any CPU.ActiveCfg = Debug|Any CPU
		{630D8A3E-6592-4648-B30E-02A38AD85F96}.Debug|Any CPU.Build.0 = Debug|Any CPU
		{630D8A3E-6592-4648-B30E-02A38AD85F96}.Debug|ARM.ActiveCfg = Debug|Any CPU
		{630D8A3E-6592-4648-B30E-02A38AD85F96}.Debug|ARM.Build.0 = Debug|Any CPU
		{630D8A3E-6592-4648-B30E-02A38AD85F96}.Debug|iPhone.ActiveCfg = Debug|Any CPU
		{630D8A3E-6592-4648-B30E-02A38AD85F96}.Debug|iPhone.Build.0 = Debug|Any CPU
		{630D8A3E-6592-4648-B30E-02A38AD85F96}.Debug|iPhoneSimulator.ActiveCfg = Debug|Any CPU
		{630D8A3E-6592-4648-B30E-02A38AD85F96}.Debug|iPhoneSimulator.Build.0 = Debug|Any CPU
		{630D8A3E-6592-4648-B30E-02A38AD85F96}.Debug|x64.ActiveCfg = Debug|Any CPU
		{630D8A3E-6592-4648-B30E-02A38AD85F96}.Debug|x64.Build.0 = Debug|Any CPU
		{630D8A3E-6592-4648-B30E-02A38AD85F96}.Debug|x86.ActiveCfg = Debug|x86
		{630D8A3E-6592-4648-B30E-02A38AD85F96}.Debug|x86.Build.0 = Debug|x86
		{630D8A3E-6592-4648-B30E-02A38AD85F96}.Release|Any CPU.ActiveCfg = Release|Any CPU
		{630D8A3E-6592-4648-B30E-02A38AD85F96}.Release|Any CPU.Build.0 = Release|Any CPU
		{630D8A3E-6592-4648-B30E-02A38AD85F96}.Release|ARM.ActiveCfg = Release|Any CPU
		{630D8A3E-6592-4648-B30E-02A38AD85F96}.Release|ARM.Build.0 = Release|Any CPU
		{630D8A3E-6592-4648-B30E-02A38AD85F96}.Release|iPhone.ActiveCfg = Release|Any CPU
		{630D8A3E-6592-4648-B30E-02A38AD85F96}.Release|iPhone.Build.0 = Release|Any CPU
		{630D8A3E-6592-4648-B30E-02A38AD85F96}.Release|iPhoneSimulator.ActiveCfg = Release|Any CPU
		{630D8A3E-6592-4648-B30E-02A38AD85F96}.Release|iPhoneSimulator.Build.0 = Release|Any CPU
		{630D8A3E-6592-4648-B30E-02A38AD85F96}.Release|x64.ActiveCfg = Release|Any CPU
		{630D8A3E-6592-4648-B30E-02A38AD85F96}.Release|x64.Build.0 = Release|Any CPU
		{630D8A3E-6592-4648-B30E-02A38AD85F96}.Release|x86.ActiveCfg = Release|x86
		{630D8A3E-6592-4648-B30E-02A38AD85F96}.Release|x86.Build.0 = Release|x86
	EndGlobalSection
	GlobalSection(SolutionProperties) = preSolution
		HideSolutionNode = FALSE
	EndGlobalSection
EndGlobal
